Microsoft Visual Studio Solution File, Format Version 11.00
# Visual Studio 2008

Project("{9161D077-2772-5D7F-0945-DF7ABD7DB87C}") = "Scavenger", "Assembly-CSharp.csproj", "{1BDDF291-92DC-6EEB-DE60-12C462C8A644}"
EndProject
Global
	GlobalSection(SolutionConfigurationPlatforms) = preSolution
		Debug|Any CPU = Debug|Any CPU
		Release|Any CPU = Release|Any CPU
	EndGlobalSection
	GlobalSection(ProjectConfigurationPlatforms) = postSolution
		{1BDDF291-92DC-6EEB-DE60-12C462C8A644}.Debug|Any CPU.ActiveCfg = Debug|Any CPU
		{1BDDF291-92DC-6EEB-DE60-12C462C8A644}.Debug|Any CPU.Build.0 = Debug|Any CPU
		{1BDDF291-92DC-6EEB-DE60-12C462C8A644}.Release|Any CPU.ActiveCfg = Release|Any CPU
		{1BDDF291-92DC-6EEB-DE60-12C462C8A644}.Release|Any CPU.Build.0 = Release|Any CPU
	EndGlobalSection
	GlobalSection(SolutionProperties) = preSolution
		HideSolutionNode = FALSE
	EndGlobalSection
	GlobalSection(MonoDevelopProperties) = preSolution
		StartupItem = Assembly-CSharp.csproj
	EndGlobalSection
EndGlobal
